
Microsoft Visual Studio Solution File, Format Version 12.00
# Visual Studio 14
VisualStudioVersion = 14.0.25123.0
MinimumVisualStudioVersion = 10.0.40219.1
Project("{FAE04EC0-301F-11D3-BF4B-00C04F79EFBC}") = "WeTripServiceApp", "WeTripServiceApp\WeTripServiceApp.csproj", "{267E7AA5-F93F-4D81-B58B-E866B2980FD6}"
EndProject
Project("{00D1A9C2-B5F0-4AF3-8072-F6C62B433612}") = "WeTripDB", "WeTripDB\WeTripDB.sqlproj", "{DA78CDB9-348D-4C5F-8EC4-F935149948B8}"
EndProject
Project("{FAE04EC0-301F-11D3-BF4B-00C04F79EFBC}") = "WeTripWebApp", "WeTripWebApp\WeTripWebApp.csproj", "{996AC9CF-0635-444F-A324-663D00B83906}"
EndProject
Project("{FAE04EC0-301F-11D3-BF4B-00C04F79EFBC}") = "AndroidApp", "AndroidApp\AndroidApp.csproj", "{210A9344-D70A-4C3C-ACAF-63A4174FDECB}"
EndProject
Global
	GlobalSection(SolutionConfigurationPlatforms) = preSolution
		Debug|Any CPU = Debug|Any CPU
		Release|Any CPU = Release|Any CPU
	EndGlobalSection
	GlobalSection(ProjectConfigurationPlatforms) = postSolution
		{267E7AA5-F93F-4D81-B58B-E866B2980FD6}.Debug|Any CPU.ActiveCfg = Debug|Any CPU
		{267E7AA5-F93F-4D81-B58B-E866B2980FD6}.Debug|Any CPU.Build.0 = Debug|Any CPU
		{267E7AA5-F93F-4D81-B58B-E866B2980FD6}.Debug|Any CPU.Deploy.0 = Debug|Any CPU
		{267E7AA5-F93F-4D81-B58B-E866B2980FD6}.Release|Any CPU.ActiveCfg = Debug|Any CPU
		{267E7AA5-F93F-4D81-B58B-E866B2980FD6}.Release|Any CPU.Build.0 = Debug|Any CPU
		{DA78CDB9-348D-4C5F-8EC4-F935149948B8}.Debug|Any CPU.ActiveCfg = Debug|Any CPU
		{DA78CDB9-348D-4C5F-8EC4-F935149948B8}.Debug|Any CPU.Build.0 = Debug|Any CPU
		{DA78CDB9-348D-4C5F-8EC4-F935149948B8}.Debug|Any CPU.Deploy.0 = Debug|Any CPU
		{DA78CDB9-348D-4C5F-8EC4-F935149948B8}.Release|Any CPU.ActiveCfg = Debug|Any CPU
		{DA78CDB9-348D-4C5F-8EC4-F935149948B8}.Release|Any CPU.Build.0 = Debug|Any CPU
		{DA78CDB9-348D-4C5F-8EC4-F935149948B8}.Release|Any CPU.Deploy.0 = Debug|Any CPU
		{996AC9CF-0635-444F-A324-663D00B83906}.Debug|Any CPU.ActiveCfg = Debug|Any CPU
		{996AC9CF-0635-444F-A324-663D00B83906}.Debug|Any CPU.Build.0 = Debug|Any CPU
		{996AC9CF-0635-444F-A324-663D00B83906}.Release|Any CPU.ActiveCfg = Debug|Any CPU
		{996AC9CF-0635-444F-A324-663D00B83906}.Release|Any CPU.Build.0 = Debug|Any CPU
		{210A9344-D70A-4C3C-ACAF-63A4174FDECB}.Debug|Any CPU.ActiveCfg = Release|Any CPU
		{210A9344-D70A-4C3C-ACAF-63A4174FDECB}.Debug|Any CPU.Build.0 = Release|Any CPU
		{210A9344-D70A-4C3C-ACAF-63A4174FDECB}.Debug|Any CPU.Deploy.0 = Release|Any CPU
		{210A9344-D70A-4C3C-ACAF-63A4174FDECB}.Release|Any CPU.ActiveCfg = Release|Any CPU
		{210A9344-D70A-4C3C-ACAF-63A4174FDECB}.Release|Any CPU.Build.0 = Release|Any CPU
		{210A9344-D70A-4C3C-ACAF-63A4174FDECB}.Release|Any CPU.Deploy.0 = Release|Any CPU
	EndGlobalSection
	GlobalSection(SolutionProperties) = preSolution
		HideSolutionNode = FALSE
	EndGlobalSection
EndGlobal
